
Microsoft Visual Studio Solution File, Format Version 12.00
# Visual Studio Version 17
VisualStudioVersion = 17.0.31903.59
MinimumVisualStudioVersion = 10.0.40219.1
Project("{2150E333-8FDC-42A3-9474-1A3956D46DE8}") = "src", "src", "{827E0CD3-B72D-47B6-A68D-7590B98EB39B}"
EndProject
Project("{FAE04EC0-301F-11D3-BF4B-00C04F79EFBC}") = "Essco.Web", "src\Essco.Web\Essco.Web.csproj", "{C3479D2A-8B38-433B-AAAF-B8425247D8AB}"
EndProject
Project("{FAE04EC0-301F-11D3-BF4B-00C04F79EFBC}") = "Essco.Domain", "src\Essco.Domain\Essco.Domain.csproj", "{44DEBB43-E5CD-4BAE-AC4B-31EBA2F487BB}"
EndProject
Project("{FAE04EC0-301F-11D3-BF4B-00C04F79EFBC}") = "Essco.Application", "src\Essco.Application\Essco.Application.csproj", "{C3955264-4D0E-487E-9B16-FA86F62BB18D}"
EndProject
Project("{FAE04EC0-301F-11D3-BF4B-00C04F79EFBC}") = "Essco.Infrastructure", "src\Essco.Infrastructure\Essco.Infrastructure.csproj", "{6AEAABB5-7A5A-4878-AB5E-C2DAED6E7549}"
EndProject
Project("{FAE04EC0-301F-11D3-BF4B-00C04F79EFBC}") = "Essco.SapBridge.Contracts", "src\Essco.SapBridge.Contracts\Essco.SapBridge.Contracts.csproj", "{69852ED1-4232-490C-9E57-3887C74E77B6}"
EndProject
Project("{FAE04EC0-301F-11D3-BF4B-00C04F79EFBC}") = "Essco.SapBridge.Worker", "src\Essco.SapBridge.Worker\Essco.SapBridge.Worker.csproj", "{E2DFFBC4-5E4E-432E-8E39-21472CA54BEE}"
EndProject
Project("{2150E333-8FDC-42A3-9474-1A3956D46DE8}") = "tests", "tests", "{0AB3BF05-4346-4AA6-1389-037BE0695223}"
EndProject
Project("{FAE04EC0-301F-11D3-BF4B-00C04F79EFBC}") = "Essco.Tests.Unit", "tests\Essco.Tests.Unit\Essco.Tests.Unit.csproj", "{43561DA7-6E1D-4574-80EA-377D9644E057}"
EndProject
Project("{FAE04EC0-301F-11D3-BF4B-00C04F79EFBC}") = "Essco.Tests.Integration", "tests\Essco.Tests.Integration\Essco.Tests.Integration.csproj", "{F479D866-8EC6-4BAF-BC45-9050F394F08D}"
EndProject
Global
	GlobalSection(SolutionConfigurationPlatforms) = preSolution
		Debug|Any CPU = Debug|Any CPU
		Debug|x64 = Debug|x64
		Debug|x86 = Debug|x86
		Release|Any CPU = Release|Any CPU
		Release|x64 = Release|x64
		Release|x86 = Release|x86
	EndGlobalSection
	GlobalSection(ProjectConfigurationPlatforms) = postSolution
		{C3479D2A-8B38-433B-AAAF-B8425247D8AB}.Debug|Any CPU.ActiveCfg = Debug|Any CPU
		{C3479D2A-8B38-433B-AAAF-B8425247D8AB}.Debug|Any CPU.Build.0 = Debug|Any CPU
		{C3479D2A-8B38-433B-AAAF-B8425247D8AB}.Debug|x64.ActiveCfg = Debug|Any CPU
		{C3479D2A-8B38-433B-AAAF-B8425247D8AB}.Debug|x64.Build.0 = Debug|Any CPU
		{C3479D2A-8B38-433B-AAAF-B8425247D8AB}.Debug|x86.ActiveCfg = Debug|Any CPU
		{C3479D2A-8B38-433B-AAAF-B8425247D8AB}.Debug|x86.Build.0 = Debug|Any CPU
		{C3479D2A-8B38-433B-AAAF-B8425247D8AB}.Release|Any CPU.ActiveCfg = Release|Any CPU
		{C3479D2A-8B38-433B-AAAF-B8425247D8AB}.Release|Any CPU.Build.0 = Release|Any CPU
		{C3479D2A-8B38-433B-AAAF-B8425247D8AB}.Release|x64.ActiveCfg = Release|Any CPU
		{C3479D2A-8B38-433B-AAAF-B8425247D8AB}.Release|x64.Build.0 = Release|Any CPU
		{C3479D2A-8B38-433B-AAAF-B8425247D8AB}.Release|x86.ActiveCfg = Release|Any CPU
		{C3479D2A-8B38-433B-AAAF-B8425247D8AB}.Release|x86.Build.0 = Release|Any CPU
		{44DEBB43-E5CD-4BAE-AC4B-31EBA2F487BB}.Debug|Any CPU.ActiveCfg = Debug|Any CPU
		{44DEBB43-E5CD-4BAE-AC4B-31EBA2F487BB}.Debug|Any CPU.Build.0 = Debug|Any CPU
		{44DEBB43-E5CD-4BAE-AC4B-31EBA2F487BB}.Debug|x64.ActiveCfg = Debug|Any CPU
		{44DEBB43-E5CD-4BAE-AC4B-31EBA2F487BB}.Debug|x64.Build.0 = Debug|Any CPU
		{44DEBB43-E5CD-4BAE-AC4B-31EBA2F487BB}.Debug|x86.ActiveCfg = Debug|Any CPU
		{44DEBB43-E5CD-4BAE-AC4B-31EBA2F487BB}.Debug|x86.Build.0 = Debug|Any CPU
		{44DEBB43-E5CD-4BAE-AC4B-31EBA2F487BB}.Release|Any CPU.ActiveCfg = Release|Any CPU
		{44DEBB43-E5CD-4BAE-AC4B-31EBA2F487BB}.Release|Any CPU.Build.0 = Release|Any CPU
		{44DEBB43-E5CD-4BAE-AC4B-31EBA2F487BB}.Release|x64.ActiveCfg = Release|Any CPU
		{44DEBB43-E5CD-4BAE-AC4B-31EBA2F487BB}.Release|x64.Build.0 = Release|Any CPU
		{44DEBB43-E5CD-4BAE-AC4B-31EBA2F487BB}.Release|x86.ActiveCfg = Release|Any CPU
		{44DEBB43-E5CD-4BAE-AC4B-31EBA2F487BB}.Release|x86.Build.0 = Release|Any CPU
		{C3955264-4D0E-487E-9B16-FA86F62BB18D}.Debug|Any CPU.ActiveCfg = Debug|Any CPU
		{C3955264-4D0E-487E-9B16-FA86F62BB18D}.Debug|Any CPU.Build.0 = Debug|Any CPU
		{C3955264-4D0E-487E-9B16-FA86F62BB18D}.Debug|x64.ActiveCfg = Debug|Any CPU
		{C3955264-4D0E-487E-9B16-FA86F62BB18D}.Debug|x64.Build.0 = Debug|Any CPU
		{C3955264-4D0E-487E-9B16-FA86F62BB18D}.Debug|x86.ActiveCfg = Debug|Any CPU
		{C3955264-4D0E-487E-9B16-FA86F62BB18D}.Debug|x86.Build.0 = Debug|Any CPU
		{C3955264-4D0E-487E-9B16-FA86F62BB18D}.Release|Any CPU.ActiveCfg = Release|Any CPU
		{C3955264-4D0E-487E-9B16-FA86F62BB18D}.Release|Any CPU.Build.0 = Release|Any CPU
		{C3955264-4D0E-487E-9B16-FA86F62BB18D}.Release|x64.ActiveCfg = Release|Any CPU
		{C3955264-4D0E-487E-9B16-FA86F62BB18D}.Release|x64.Build.0 = Release|Any CPU
		{C3955264-4D0E-487E-9B16-FA86F62BB18D}.Release|x86.ActiveCfg = Release|Any CPU
		{C3955264-4D0E-487E-9B16-FA86F62BB18D}.Release|x86.Build.0 = Release|Any CPU
		{6AEAABB5-7A5A-4878-AB5E-C2DAED6E7549}.Debug|Any CPU.ActiveCfg = Debug|Any CPU
		{6AEAABB5-7A5A-4878-AB5E-C2DAED6E7549}.Debug|Any CPU.Build.0 = Debug|Any CPU
		{6AEAABB5-7A5A-4878-AB5E-C2DAED6E7549}.Debug|x64.ActiveCfg = Debug|Any CPU
		{6AEAABB5-7A5A-4878-AB5E-C2DAED6E7549}.Debug|x64.Build.0 = Debug|Any CPU
		{6AEAABB5-7A5A-4878-AB5E-C2DAED6E7549}.Debug|x86.ActiveCfg = Debug|Any CPU
		{6AEAABB5-7A5A-4878-AB5E-C2DAED6E7549}.Debug|x86.Build.0 = Debug|Any CPU
		{6AEAABB5-7A5A-4878-AB5E-C2DAED6E7549}.Release|Any CPU.ActiveCfg = Release|Any CPU
		{6AEAABB5-7A5A-4878-AB5E-C2DAED6E7549}.Release|Any CPU.Build.0 = Release|Any CPU
		{6AEAABB5-7A5A-4878-AB5E-C2DAED6E7549}.Release|x64.ActiveCfg = Release|Any CPU
		{6AEAABB5-7A5A-4878-AB5E-C2DAED6E7549}.Release|x64.Build.0 = Release|Any CPU
		{6AEAABB5-7A5A-4878-AB5E-C2DAED6E7549}.Release|x86.ActiveCfg = Release|Any CPU
		{6AEAABB5-7A5A-4878-AB5E-C2DAED6E7549}.Release|x86.Build.0 = Release|Any CPU
		{69852ED1-4232-490C-9E57-3887C74E77B6}.Debug|Any CPU.ActiveCfg = Debug|Any CPU
		{69852ED1-4232-490C-9E57-3887C74E77B6}.Debug|Any CPU.Build.0 = Debug|Any CPU
		{69852ED1-4232-490C-9E57-3887C74E77B6}.Debug|x64.ActiveCfg = Debug|Any CPU
		{69852ED1-4232-490C-9E57-3887C74E77B6}.Debug|x64.Build.0 = Debug|Any CPU
		{69852ED1-4232-490C-9E57-3887C74E77B6}.Debug|x86.ActiveCfg = Debug|Any CPU
		{69852ED1-4232-490C-9E57-3887C74E77B6}.Debug|x86.Build.0 = Debug|Any CPU
		{69852ED1-4232-490C-9E57-3887C74E77B6}.Release|Any CPU.ActiveCfg = Release|Any CPU
		{69852ED1-4232-490C-9E57-3887C74E77B6}.Release|Any CPU.Build.0 = Release|Any CPU
		{69852ED1-4232-490C-9E57-3887C74E77B6}.Release|x64.ActiveCfg = Release|Any CPU
		{69852ED1-4232-490C-9E57-3887C74E77B6}.Release|x64.Build.0 = Release|Any CPU
		{69852ED1-4232-490C-9E57-3887C74E77B6}.Release|x86.ActiveCfg = Release|Any CPU
		{69852ED1-4232-490C-9E57-3887C74E77B6}.Release|x86.Build.0 = Release|Any CPU
		{E2DFFBC4-5E4E-432E-8E39-21472CA54BEE}.Debug|Any CPU.ActiveCfg = Debug|Any CPU
		{E2DFFBC4-5E4E-432E-8E39-21472CA54BEE}.Debug|Any CPU.Build.0 = Debug|Any CPU
		{E2DFFBC4-5E4E-432E-8E39-21472CA54BEE}.Debug|x64.ActiveCfg = Debug|Any CPU
		{E2DFFBC4-5E4E-432E-8E39-21472CA54BEE}.Debug|x64.Build.0 = Debug|Any CPU
		{E2DFFBC4-5E4E-432E-8E39-21472CA54BEE}.Debug|x86.ActiveCfg = Debug|Any CPU
		{E2DFFBC4-5E4E-432E-8E39-21472CA54BEE}.Debug|x86.Build.0 = Debug|Any CPU
		{E2DFFBC4-5E4E-432E-8E39-21472CA54BEE}.Release|Any CPU.ActiveCfg = Release|Any CPU
		{E2DFFBC4-5E4E-432E-8E39-21472CA54BEE}.Release|Any CPU.Build.0 = Release|Any CPU
		{E2DFFBC4-5E4E-432E-8E39-21472CA54BEE}.Release|x64.ActiveCfg = Release|Any CPU
		{E2DFFBC4-5E4E-432E-8E39-21472CA54BEE}.Release|x64.Build.0 = Release|Any CPU
		{E2DFFBC4-5E4E-432E-8E39-21472CA54BEE}.Release|x86.ActiveCfg = Release|Any CPU
		{E2DFFBC4-5E4E-432E-8E39-21472CA54BEE}.Release|x86.Build.0 = Release|Any CPU
		{43561DA7-6E1D-4574-80EA-377D9644E057}.Debug|Any CPU.ActiveCfg = Debug|Any CPU
		{43561DA7-6E1D-4574-80EA-377D9644E057}.Debug|Any CPU.Build.0 = Debug|Any CPU
		{43561DA7-6E1D-4574-80EA-377D9644E057}.Debug|x64.ActiveCfg = Debug|Any CPU
		{43561DA7-6E1D-4574-80EA-377D9644E057}.Debug|x64.Build.0 = Debug|Any CPU
		{43561DA7-6E1D-4574-80EA-377D9644E057}.Debug|x86.ActiveCfg = Debug|Any CPU
		{43561DA7-6E1D-4574-80EA-377D9644E057}.Debug|x86.Build.0 = Debug|Any CPU
		{43561DA7-6E1D-4574-80EA-377D9644E057}.Release|Any CPU.ActiveCfg = Release|Any CPU
		{43561DA7-6E1D-4574-80EA-377D9644E057}.Release|Any CPU.Build.0 = Release|Any CPU
		{43561DA7-6E1D-4574-80EA-377D9644E057}.Release|x64.ActiveCfg = Release|Any CPU
		{43561DA7-6E1D-4574-80EA-377D9644E057}.Release|x64.Build.0 = Release|Any CPU
		{43561DA7-6E1D-4574-80EA-377D9644E057}.Release|x86.ActiveCfg = Release|Any CPU
		{43561DA7-6E1D-4574-80EA-377D9644E057}.Release|x86.Build.0 = Release|Any CPU
		{F479D866-8EC6-4BAF-BC45-9050F394F08D}.Debug|Any CPU.ActiveCfg = Debug|Any CPU
		{F479D866-8EC6-4BAF-BC45-9050F394F08D}.Debug|Any CPU.Build.0 = Debug|Any CPU
		{F479D866-8EC6-4BAF-BC45-9050F394F08D}.Debug|x64.ActiveCfg = Debug|Any CPU
		{F479D866-8EC6-4BAF-BC45-9050F394F08D}.Debug|x64.Build.0 = Debug|Any CPU
		{F479D866-8EC6-4BAF-BC45-9050F394F08D}.Debug|x86.ActiveCfg = Debug|Any CPU
		{F479D866-8EC6-4BAF-BC45-9050F394F08D}.Debug|x86.Build.0 = Debug|Any CPU
		{F479D866-8EC6-4BAF-BC45-9050F394F08D}.Release|Any CPU.ActiveCfg = Release|Any CPU
		{F479D866-8EC6-4BAF-BC45-9050F394F08D}.Release|Any CPU.Build.0 = Release|Any CPU
		{F479D866-8EC6-4BAF-BC45-9050F394F08D}.Release|x64.ActiveCfg = Release|Any CPU
		{F479D866-8EC6-4BAF-BC45-9050F394F08D}.Release|x64.Build.0 = Release|Any CPU
		{F479D866-8EC6-4BAF-BC45-9050F394F08D}.Release|x86.ActiveCfg = Release|Any CPU
		{F479D866-8EC6-4BAF-BC45-9050F394F08D}.Release|x86.Build.0 = Release|Any CPU
	EndGlobalSection
	GlobalSection(SolutionProperties) = preSolution
		HideSolutionNode = FALSE
	EndGlobalSection
	GlobalSection(NestedProjects) = preSolution
		{C3479D2A-8B38-433B-AAAF-B8425247D8AB} = {827E0CD3-B72D-47B6-A68D-7590B98EB39B}
		{44DEBB43-E5CD-4BAE-AC4B-31EBA2F487BB} = {827E0CD3-B72D-47B6-A68D-7590B98EB39B}
		{C3955264-4D0E-487E-9B16-FA86F62BB18D} = {827E0CD3-B72D-47B6-A68D-7590B98EB39B}
		{6AEAABB5-7A5A-4878-AB5E-C2DAED6E7549} = {827E0CD3-B72D-47B6-A68D-7590B98EB39B}
		{69852ED1-4232-490C-9E57-3887C74E77B6} = {827E0CD3-B72D-47B6-A68D-7590B98EB39B}
		{E2DFFBC4-5E4E-432E-8E39-21472CA54BEE} = {827E0CD3-B72D-47B6-A68D-7590B98EB39B}
		{43561DA7-6E1D-4574-80EA-377D9644E057} = {0AB3BF05-4346-4AA6-1389-037BE0695223}
		{F479D866-8EC6-4BAF-BC45-9050F394F08D} = {0AB3BF05-4346-4AA6-1389-037BE0695223}
	EndGlobalSection
EndGlobal
